
Microsoft Visual Studio Solution File, Format Version 12.00
# Visual Studio Version 17
VisualStudioVersion = 17.10.35013.160
MinimumVisualStudioVersion = 10.0.40219.1
Project("{FAE04EC0-301F-11D3-BF4B-00C04F79EFBC}") = "Topic 9 - Assignment Part 1", "Topic 9 - Assignment Part 1\Topic 9 - Assignment Part 1.csproj", "{32745053-236F-4C7F-8409-53C9B7FFFBF8}"
EndProject
Global
	GlobalSection(SolutionConfigurationPlatforms) = preSolution
		Debug|Any CPU = Debug|Any CPU
		Release|Any CPU = Release|Any CPU
	EndGlobalSection
	GlobalSection(ProjectConfigurationPlatforms) = postSolution
		{32745053-236F-4C7F-8409-53C9B7FFFBF8}.Debug|Any CPU.ActiveCfg = Debug|Any CPU
		{32745053-236F-4C7F-8409-53C9B7FFFBF8}.Debug|Any CPU.Build.0 = Debug|Any CPU
		{32745053-236F-4C7F-8409-53C9B7FFFBF8}.Release|Any CPU.ActiveCfg = Release|Any CPU
		{32745053-236F-4C7F-8409-53C9B7FFFBF8}.Release|Any CPU.Build.0 = Release|Any CPU
	EndGlobalSection
	GlobalSection(SolutionProperties) = preSolution
		HideSolutionNode = FALSE
	EndGlobalSection
	GlobalSection(ExtensibilityGlobals) = postSolution
		SolutionGuid = {E9BAE5B3-5177-4660-B63D-9A4F34DBB0B6}
	EndGlobalSection
EndGlobal
